
Microsoft Visual Studio Solution File, Format Version 12.00
# Visual Studio Version 16
VisualStudioVersion = 16.0.29920.165
MinimumVisualStudioVersion = 10.0.40219.1
Project("{FAE04EC0-301F-11D3-BF4B-00C04F79EFBC}") = "LedMatrix", "LedMatrix\LedMatrix.csproj", "{AC1ABB46-CDF7-459F-A842-5E9432D849DB}"
EndProject
Global
	GlobalSection(SolutionConfigurationPlatforms) = preSolution
		Debug|Any CPU = Debug|Any CPU
		Release|Any CPU = Release|Any CPU
	EndGlobalSection
	GlobalSection(ProjectConfigurationPlatforms) = postSolution
		{AC1ABB46-CDF7-459F-A842-5E9432D849DB}.Debug|Any CPU.ActiveCfg = Debug|Any CPU
		{AC1ABB46-CDF7-459F-A842-5E9432D849DB}.Debug|Any CPU.Build.0 = Debug|Any CPU
		{AC1ABB46-CDF7-459F-A842-5E9432D849DB}.Release|Any CPU.ActiveCfg = Release|Any CPU
		{AC1ABB46-CDF7-459F-A842-5E9432D849DB}.Release|Any CPU.Build.0 = Release|Any CPU
	EndGlobalSection
	GlobalSection(SolutionProperties) = preSolution
		HideSolutionNode = FALSE
	EndGlobalSection
	GlobalSection(ExtensibilityGlobals) = postSolution
		SolutionGuid = {474381DD-CE1C-4E2D-A3BF-E29E5424528F}
	EndGlobalSection
EndGlobal
